
Microsoft Visual Studio Solution File, Format Version 12.00
# Visual Studio Version 17
VisualStudioVersion = 17.4.33213.308
MinimumVisualStudioVersion = 10.0.40219.1
Project("{FAE04EC0-301F-11D3-BF4B-00C04F79EFBC}") = "RestApiLab5", "RestApiLab5\RestApiLab5.csproj", "{7A1EA064-3ABB-45FF-8F63-69E6B2AD1CBB}"
EndProject
Global
	GlobalSection(SolutionConfigurationPlatforms) = preSolution
		Debug|Any CPU = Debug|Any CPU
		Release|Any CPU = Release|Any CPU
	EndGlobalSection
	GlobalSection(ProjectConfigurationPlatforms) = postSolution
		{7A1EA064-3ABB-45FF-8F63-69E6B2AD1CBB}.Debug|Any CPU.ActiveCfg = Debug|Any CPU
		{7A1EA064-3ABB-45FF-8F63-69E6B2AD1CBB}.Debug|Any CPU.Build.0 = Debug|Any CPU
		{7A1EA064-3ABB-45FF-8F63-69E6B2AD1CBB}.Release|Any CPU.ActiveCfg = Release|Any CPU
		{7A1EA064-3ABB-45FF-8F63-69E6B2AD1CBB}.Release|Any CPU.Build.0 = Release|Any CPU
	EndGlobalSection
	GlobalSection(SolutionProperties) = preSolution
		HideSolutionNode = FALSE
	EndGlobalSection
	GlobalSection(ExtensibilityGlobals) = postSolution
		SolutionGuid = {C0261F6C-A0A3-4F4A-9E0B-2D764DF3141C}
	EndGlobalSection
EndGlobal
